
Microsoft Visual Studio Solution File, Format Version 12.00
# Visual Studio Version 16
VisualStudioVersion = 16.0.30114.105
MinimumVisualStudioVersion = 10.0.40219.1
Project("{FAE04EC0-301F-11D3-BF4B-00C04F79EFBC}") = "API", "API\API.csproj", "{F28D1BE4-2713-4311-BDF5-FF5D2D022348}"
EndProject
Project("{FAE04EC0-301F-11D3-BF4B-00C04F79EFBC}") = "Application", "Application\Application.csproj", "{4E873CB1-DB0E-4584-B077-E9DC9B1E3F5F}"
EndProject
Project("{FAE04EC0-301F-11D3-BF4B-00C04F79EFBC}") = "Domain", "Domain\Domain.csproj", "{4AD5B19E-17D3-4C54-8DA5-B7A77FD75111}"
EndProject
Project("{FAE04EC0-301F-11D3-BF4B-00C04F79EFBC}") = "Persistence", "Persistence\Persistence.csproj", "{519A0DB6-FCBC-40E7-AE1D-C6A75D8021B2}"
EndProject
Project("{FAE04EC0-301F-11D3-BF4B-00C04F79EFBC}") = "Infrastructure", "Infrastructure\Infrastructure.csproj", "{CDE39638-2690-4381-96DA-4EB3FF3F5B90}"
EndProject
Global
	GlobalSection(SolutionConfigurationPlatforms) = preSolution
		Debug|Any CPU = Debug|Any CPU
		Release|Any CPU = Release|Any CPU
	EndGlobalSection
	GlobalSection(SolutionProperties) = preSolution
		HideSolutionNode = FALSE
	EndGlobalSection
	GlobalSection(ProjectConfigurationPlatforms) = postSolution
		{F28D1BE4-2713-4311-BDF5-FF5D2D022348}.Debug|Any CPU.ActiveCfg = Debug|Any CPU
		{F28D1BE4-2713-4311-BDF5-FF5D2D022348}.Debug|Any CPU.Build.0 = Debug|Any CPU
		{F28D1BE4-2713-4311-BDF5-FF5D2D022348}.Release|Any CPU.ActiveCfg = Release|Any CPU
		{F28D1BE4-2713-4311-BDF5-FF5D2D022348}.Release|Any CPU.Build.0 = Release|Any CPU
		{4E873CB1-DB0E-4584-B077-E9DC9B1E3F5F}.Debug|Any CPU.ActiveCfg = Debug|Any CPU
		{4E873CB1-DB0E-4584-B077-E9DC9B1E3F5F}.Debug|Any CPU.Build.0 = Debug|Any CPU
		{4E873CB1-DB0E-4584-B077-E9DC9B1E3F5F}.Release|Any CPU.ActiveCfg = Release|Any CPU
		{4E873CB1-DB0E-4584-B077-E9DC9B1E3F5F}.Release|Any CPU.Build.0 = Release|Any CPU
		{4AD5B19E-17D3-4C54-8DA5-B7A77FD75111}.Debug|Any CPU.ActiveCfg = Debug|Any CPU
		{4AD5B19E-17D3-4C54-8DA5-B7A77FD75111}.Debug|Any CPU.Build.0 = Debug|Any CPU
		{4AD5B19E-17D3-4C54-8DA5-B7A77FD75111}.Release|Any CPU.ActiveCfg = Release|Any CPU
		{4AD5B19E-17D3-4C54-8DA5-B7A77FD75111}.Release|Any CPU.Build.0 = Release|Any CPU
		{519A0DB6-FCBC-40E7-AE1D-C6A75D8021B2}.Debug|Any CPU.ActiveCfg = Debug|Any CPU
		{519A0DB6-FCBC-40E7-AE1D-C6A75D8021B2}.Debug|Any CPU.Build.0 = Debug|Any CPU
		{519A0DB6-FCBC-40E7-AE1D-C6A75D8021B2}.Release|Any CPU.ActiveCfg = Release|Any CPU
		{519A0DB6-FCBC-40E7-AE1D-C6A75D8021B2}.Release|Any CPU.Build.0 = Release|Any CPU
		{CDE39638-2690-4381-96DA-4EB3FF3F5B90}.Debug|Any CPU.ActiveCfg = Debug|Any CPU
		{CDE39638-2690-4381-96DA-4EB3FF3F5B90}.Debug|Any CPU.Build.0 = Debug|Any CPU
		{CDE39638-2690-4381-96DA-4EB3FF3F5B90}.Release|Any CPU.ActiveCfg = Release|Any CPU
		{CDE39638-2690-4381-96DA-4EB3FF3F5B90}.Release|Any CPU.Build.0 = Release|Any CPU
	EndGlobalSection
EndGlobal
